
Microsoft Visual Studio Solution File, Format Version 12.00
# Visual Studio Version 17
VisualStudioVersion = 17.12.35514.174 d17.12
MinimumVisualStudioVersion = 10.0.40219.1
Project("{FAE04EC0-301F-11D3-BF4B-00C04F79EFBC}") = "Client", "Chat_DinhPhong\Client.csproj", "{0DF47460-BDA0-49DC-A85A-0CE06551AF8C}"
EndProject
Project("{FAE04EC0-301F-11D3-BF4B-00C04F79EFBC}") = "Server", "Sever\Server.csproj", "{2A1570FD-D6C9-4D85-8F5A-F0F8C0867163}"
EndProject
Global
	GlobalSection(SolutionConfigurationPlatforms) = preSolution
		Debug|Any CPU = Debug|Any CPU
		Release|Any CPU = Release|Any CPU
	EndGlobalSection
	GlobalSection(ProjectConfigurationPlatforms) = postSolution
		{0DF47460-BDA0-49DC-A85A-0CE06551AF8C}.Debug|Any CPU.ActiveCfg = Debug|Any CPU
		{0DF47460-BDA0-49DC-A85A-0CE06551AF8C}.Debug|Any CPU.Build.0 = Debug|Any CPU
		{0DF47460-BDA0-49DC-A85A-0CE06551AF8C}.Release|Any CPU.ActiveCfg = Release|Any CPU
		{0DF47460-BDA0-49DC-A85A-0CE06551AF8C}.Release|Any CPU.Build.0 = Release|Any CPU
		{2A1570FD-D6C9-4D85-8F5A-F0F8C0867163}.Debug|Any CPU.ActiveCfg = Debug|Any CPU
		{2A1570FD-D6C9-4D85-8F5A-F0F8C0867163}.Debug|Any CPU.Build.0 = Debug|Any CPU
		{2A1570FD-D6C9-4D85-8F5A-F0F8C0867163}.Release|Any CPU.ActiveCfg = Release|Any CPU
		{2A1570FD-D6C9-4D85-8F5A-F0F8C0867163}.Release|Any CPU.Build.0 = Release|Any CPU
	EndGlobalSection
	GlobalSection(SolutionProperties) = preSolution
		HideSolutionNode = FALSE
	EndGlobalSection
EndGlobal
